
Microsoft Visual Studio Solution File, Format Version 12.00
# Visual Studio 2013
VisualStudioVersion = 12.0.30501.0
MinimumVisualStudioVersion = 10.0.40219.1
Project("{FAE04EC0-301F-11D3-BF4B-00C04F79EFBC}") = "Quiz7-10-William_O-Sullivan", "Quiz7-10-William_O-Sullivan\Quiz7-10-William_O-Sullivan.csproj", "{5F315EAD-5D9C-4FB6-85E7-890F03EEAB3F}"
EndProject
Project("{FAE04EC0-301F-11D3-BF4B-00C04F79EFBC}") = "Quiz-7-10-William-O-Sullivan_Problem_4", "Quiz-7-10-William-O-Sullivan_Problem_4\Quiz-7-10-William-O-Sullivan_Problem_4.csproj", "{2E088B62-2265-40C5-9BAD-559251DBA985}"
EndProject
Global
	GlobalSection(SolutionConfigurationPlatforms) = preSolution
		Debug|Any CPU = Debug|Any CPU
		Release|Any CPU = Release|Any CPU
	EndGlobalSection
	GlobalSection(ProjectConfigurationPlatforms) = postSolution
		{5F315EAD-5D9C-4FB6-85E7-890F03EEAB3F}.Debug|Any CPU.ActiveCfg = Debug|Any CPU
		{5F315EAD-5D9C-4FB6-85E7-890F03EEAB3F}.Debug|Any CPU.Build.0 = Debug|Any CPU
		{5F315EAD-5D9C-4FB6-85E7-890F03EEAB3F}.Release|Any CPU.ActiveCfg = Release|Any CPU
		{5F315EAD-5D9C-4FB6-85E7-890F03EEAB3F}.Release|Any CPU.Build.0 = Release|Any CPU
		{2E088B62-2265-40C5-9BAD-559251DBA985}.Debug|Any CPU.ActiveCfg = Debug|Any CPU
		{2E088B62-2265-40C5-9BAD-559251DBA985}.Debug|Any CPU.Build.0 = Debug|Any CPU
		{2E088B62-2265-40C5-9BAD-559251DBA985}.Release|Any CPU.ActiveCfg = Release|Any CPU
		{2E088B62-2265-40C5-9BAD-559251DBA985}.Release|Any CPU.Build.0 = Release|Any CPU
	EndGlobalSection
	GlobalSection(SolutionProperties) = preSolution
		HideSolutionNode = FALSE
	EndGlobalSection
EndGlobal
